
Microsoft Visual Studio Solution File, Format Version 12.00
# Visual Studio 15
VisualStudioVersion = 15.0.26403.0
MinimumVisualStudioVersion = 10.0.40219.1
Project("{FAE04EC0-301F-11D3-BF4B-00C04F79EFBC}") = "Ceql", "NetCore\Ceql\Ceql.csproj", "{9CB78772-4B27-4F41-AAEA-1D2B5A4193DF}"
EndProject
Project("{FAE04EC0-301F-11D3-BF4B-00C04F79EFBC}") = "Ceql.Connectors", "NetCore\Ceql.Connectors\Ceql.Connectors.csproj", "{B99AC7C4-9DA2-458D-AE12-F378AE0123D1}"
EndProject
Project("{FAE04EC0-301F-11D3-BF4B-00C04F79EFBC}") = "Ceql.Contracts", "NetCore\Ceql.Contracts\Ceql.Contracts.csproj", "{63071792-702D-4A0E-98D5-A69C879E79FB}"
EndProject
Project("{FAE04EC0-301F-11D3-BF4B-00C04F79EFBC}") = "Ceql.Tests.Bench", "NetCore\Ceql.Tests.Bench\Ceql.Tests.Bench.csproj", "{DD8CCFDC-0C2B-4EC1-BC87-E0DBCC7E0490}"
EndProject
Project("{FAE04EC0-301F-11D3-BF4B-00C04F79EFBC}") = "Ceql.Tools", "NetCore\Ceql.Tools\Ceql.Tools.csproj", "{82D9D6E1-572A-4919-AA51-BE100DB93470}"
EndProject
Global
	GlobalSection(SolutionConfigurationPlatforms) = preSolution
		Debug|Any CPU = Debug|Any CPU
		Release|Any CPU = Release|Any CPU
	EndGlobalSection
	GlobalSection(ProjectConfigurationPlatforms) = postSolution
		{9CB78772-4B27-4F41-AAEA-1D2B5A4193DF}.Debug|Any CPU.ActiveCfg = Debug|Any CPU
		{9CB78772-4B27-4F41-AAEA-1D2B5A4193DF}.Debug|Any CPU.Build.0 = Debug|Any CPU
		{9CB78772-4B27-4F41-AAEA-1D2B5A4193DF}.Release|Any CPU.ActiveCfg = Release|Any CPU
		{9CB78772-4B27-4F41-AAEA-1D2B5A4193DF}.Release|Any CPU.Build.0 = Release|Any CPU
		{B99AC7C4-9DA2-458D-AE12-F378AE0123D1}.Debug|Any CPU.ActiveCfg = Debug|Any CPU
		{B99AC7C4-9DA2-458D-AE12-F378AE0123D1}.Debug|Any CPU.Build.0 = Debug|Any CPU
		{B99AC7C4-9DA2-458D-AE12-F378AE0123D1}.Release|Any CPU.ActiveCfg = Release|Any CPU
		{B99AC7C4-9DA2-458D-AE12-F378AE0123D1}.Release|Any CPU.Build.0 = Release|Any CPU
		{63071792-702D-4A0E-98D5-A69C879E79FB}.Debug|Any CPU.ActiveCfg = Debug|Any CPU
		{63071792-702D-4A0E-98D5-A69C879E79FB}.Debug|Any CPU.Build.0 = Debug|Any CPU
		{63071792-702D-4A0E-98D5-A69C879E79FB}.Release|Any CPU.ActiveCfg = Release|Any CPU
		{63071792-702D-4A0E-98D5-A69C879E79FB}.Release|Any CPU.Build.0 = Release|Any CPU
		{DD8CCFDC-0C2B-4EC1-BC87-E0DBCC7E0490}.Debug|Any CPU.ActiveCfg = Debug|Any CPU
		{DD8CCFDC-0C2B-4EC1-BC87-E0DBCC7E0490}.Debug|Any CPU.Build.0 = Debug|Any CPU
		{DD8CCFDC-0C2B-4EC1-BC87-E0DBCC7E0490}.Release|Any CPU.ActiveCfg = Release|Any CPU
		{DD8CCFDC-0C2B-4EC1-BC87-E0DBCC7E0490}.Release|Any CPU.Build.0 = Release|Any CPU
		{82D9D6E1-572A-4919-AA51-BE100DB93470}.Debug|Any CPU.ActiveCfg = Debug|Any CPU
		{82D9D6E1-572A-4919-AA51-BE100DB93470}.Debug|Any CPU.Build.0 = Debug|Any CPU
		{82D9D6E1-572A-4919-AA51-BE100DB93470}.Release|Any CPU.ActiveCfg = Release|Any CPU
		{82D9D6E1-572A-4919-AA51-BE100DB93470}.Release|Any CPU.Build.0 = Release|Any CPU
	EndGlobalSection
	GlobalSection(SolutionProperties) = preSolution
		HideSolutionNode = FALSE
	EndGlobalSection
EndGlobal
